
Microsoft Visual Studio Solution File, Format Version 12.00
# Visual Studio 15
VisualStudioVersion = 15.0.28307.852
MinimumVisualStudioVersion = 10.0.40219.1
Project("{FAE04EC0-301F-11D3-BF4B-00C04F79EFBC}") = "EnableDCOM", "EnableDCOM\EnableDCOM.csproj", "{7072BE46-C6F6-4630-9EDD-A15BCA76B78E}"
EndProject
Global
	GlobalSection(SolutionConfigurationPlatforms) = preSolution
		Debug|Any CPU = Debug|Any CPU
		Release|Any CPU = Release|Any CPU
	EndGlobalSection
	GlobalSection(ProjectConfigurationPlatforms) = postSolution
		{7072BE46-C6F6-4630-9EDD-A15BCA76B78E}.Debug|Any CPU.ActiveCfg = Debug|Any CPU
		{7072BE46-C6F6-4630-9EDD-A15BCA76B78E}.Debug|Any CPU.Build.0 = Debug|Any CPU
		{7072BE46-C6F6-4630-9EDD-A15BCA76B78E}.Release|Any CPU.ActiveCfg = Release|Any CPU
		{7072BE46-C6F6-4630-9EDD-A15BCA76B78E}.Release|Any CPU.Build.0 = Release|Any CPU
	EndGlobalSection
	GlobalSection(SolutionProperties) = preSolution
		HideSolutionNode = FALSE
	EndGlobalSection
	GlobalSection(ExtensibilityGlobals) = postSolution
		SolutionGuid = {8FAB54D3-3382-49D0-AEEC-2958CB9E1934}
	EndGlobalSection
EndGlobal
